// !$*UTF8*$!
{
	archiveVersion = 1;
	classes = {
	};
	objectVersion = 55;
	objects = {

/* Begin PBXBuildFile section */
		FF4DDD8227FA511F0091D502 /* hdrs in Resources */ = {isa = PBXBuildFile; fileRef = FF4DDD8127FA511F0091D502 /* hdrs */; };
		FF4DDD8427FA579B0091D502 /* materials in Resources */ = {isa = PBXBuildFile; fileRef = FF4DDD8327FA579B0091D502 /* materials */; };
		FF6BCFDF27F9FBC700AF4758 /* GLTFSceneKit in Frameworks */ = {isa = PBXBuildFile; productRef = FF6BCFDE27F9FBC700AF4758 /* GLTFSceneKit */; };
		FF6BCFE127F9FDD300AF4758 /* scenes in Resources */ = {isa = PBXBuildFile; fileRef = FF6BCFE027F9FDD300AF4758 /* scenes */; };
		FFCC6F2027ED4172005C2958 /* HoudiniToMobileApp.swift in Sources */ = {isa = PBXBuildFile; fileRef = FFCC6F1F27ED4172005C2958 /* HoudiniToMobileApp.swift */; };
		FFCC6F2227ED4172005C2958 /* ContentView.swift in Sources */ = {isa = PBXBuildFile; fileRef = FFCC6F2127ED4172005C2958 /* ContentView.swift */; };
		FFCC6F2427ED4179005C2958 /* Assets.xcassets in Resources */ = {isa = PBXBuildFile; fileRef = FFCC6F2327ED4179005C2958 /* Assets.xcassets */; };
		FFCC6F2727ED4179005C2958 /* Preview Assets.xcassets in Resources */ = {isa = PBXBuildFile; fileRef = FFCC6F2627ED4179005C2958 /* Preview Assets.xcassets */; };
		FFCC6F2E27ED4295005C2958 /* art.scnassets in Resources */ = {isa = PBXBuildFile; fileRef = FFCC6F2D27ED4295005C2958 /* art.scnassets */; };
/* End PBXBuildFile section */

/* Begin PBXFileReference section */
		FF4DDD8127FA511F0091D502 /* hdrs */ = {isa = PBXFileReference; lastKnownFileType = folder; path = hdrs; sourceTree = "<group>"; };
		FF4DDD8327FA579B0091D502 /* materials */ = {isa = PBXFileReference; lastKnownFileType = folder; path = materials; sourceTree = "<group>"; };
		FF6BCFE027F9FDD300AF4758 /* scenes */ = {isa = PBXFileReference; lastKnownFileType = folder; path = scenes; sourceTree = "<group>"; };
		FFCC6F1C27ED4172005C2958 /* HoudiniToMobile.app */ = {isa = PBXFileReference; explicitFileType = wrapper.application; includeInIndex = 0; path = HoudiniToMobile.app; sourceTree = BUILT_PRODUCTS_DIR; };
		FFCC6F1F27ED4172005C2958 /* HoudiniToMobileApp.swift */ = {isa = PBXFileReference; lastKnownFileType = sourcecode.swift; path = HoudiniToMobileApp.swift; sourceTree = "<group>"; };
		FFCC6F2127ED4172005C2958 /* ContentView.swift */ = {isa = PBXFileReference; lastKnownFileType = sourcecode.swift; path = ContentView.swift; sourceTree = "<group>"; };
		FFCC6F2327ED4179005C2958 /* Assets.xcassets */ = {isa = PBXFileReference; lastKnownFileType = folder.assetcatalog; path = Assets.xcassets; sourceTree = "<group>"; };
		FFCC6F2627ED4179005C2958 /* Preview Assets.xcassets */ = {isa = PBXFileReference; lastKnownFileType = folder.assetcatalog; path = "Preview Assets.xcassets"; sourceTree = "<group>"; };
		FFCC6F2D27ED4295005C2958 /* art.scnassets */ = {isa = PBXFileReference; lastKnownFileType = wrapper.scnassets; path = art.scnassets; sourceTree = "<group>"; };
/* End PBXFileReference section */

/* Begin PBXFrameworksBuildPhase section */
		FFCC6F1927ED4172005C2958 /* Frameworks */ = {
			isa = PBXFrameworksBuildPhase;
			buildActionMask = 2147483647;
			files = (
				FF6BCFDF27F9FBC700AF4758 /* GLTFSceneKit in Frameworks */,
			);
			runOnlyForDeploymentPostprocessing = 0;
		};
/* End PBXFrameworksBuildPhase section */

/* Begin PBXGroup section */
		FFCC6F1327ED4172005C2958 = {
			isa = PBXGroup;
			children = (
				FFCC6F1E27ED4172005C2958 /* HoudiniToMobile */,
				FFCC6F1D27ED4172005C2958 /* Products */,
			);
			sourceTree = "<group>";
		};
		FFCC6F1D27ED4172005C2958 /* Products */ = {
			isa = PBXGroup;
			children = (
				FFCC6F1C27ED4172005C2958 /* HoudiniToMobile.app */,
			);
			name = Products;
			sourceTree = "<group>";
		};
		FFCC6F1E27ED4172005C2958 /* HoudiniToMobile */ = {
			isa = PBXGroup;
			children = (
				FF4DDD8327FA579B0091D502 /* materials */,
				FF4DDD8127FA511F0091D502 /* hdrs */,
				FF6BCFE027F9FDD300AF4758 /* scenes */,
				FFCC6F2D27ED4295005C2958 /* art.scnassets */,
				FFCC6F2127ED4172005C2958 /* ContentView.swift */,
				FFCC6F1F27ED4172005C2958 /* HoudiniToMobileApp.swift */,
				FFCC6F2327ED4179005C2958 /* Assets.xcassets */,
				FFCC6F2527ED4179005C2958 /* Preview Content */,
			);
			path = HoudiniToMobile;
			sourceTree = "<group>";
		};
		FFCC6F2527ED4179005C2958 /* Preview Content */ = {
			isa = PBXGroup;
			children = (
				FFCC6F2627ED4179005C2958 /* Preview Assets.xcassets */,
			);
			path = "Preview Content";
			sourceTree = "<group>";
		};
/* End PBXGroup section */

/* Begin PBXNativeTarget section */
		FFCC6F1B27ED4172005C2958 /* HoudiniToMobile */ = {
			isa = PBXNativeTarget;
			buildConfigurationList = FFCC6F2A27ED4179005C2958 /* Build configuration list for PBXNativeTarget "HoudiniToMobile" */;
			buildPhases = (
				FFCC6F1827ED4172005C2958 /* Sources */,
				FFCC6F1927ED4172005C2958 /* Frameworks */,
				FFCC6F1A27ED4172005C2958 /* Resources */,
			);
			buildRules = (
			);
			dependencies = (
			);
			name = HoudiniToMobile;
			packageProductDependencies = (
				FF6BCFDE27F9FBC700AF4758 /* GLTFSceneKit */,
			);
			productName = HoudiniToMobile;
			productReference = FFCC6F1C27ED4172005C2958 /* HoudiniToMobile.app */;
			productType = "com.apple.product-type.application";
		};
/* End PBXNativeTarget section */

/* Begin PBXProject section */
		FFCC6F1427ED4172005C2958 /* Project object */ = {
			isa = PBXProject;
			attributes = {
				BuildIndependentTargetsInParallel = 1;
				LastSwiftUpdateCheck = 1320;
				LastUpgradeCheck = 1320;
				TargetAttributes = {
					FFCC6F1B27ED4172005C2958 = {
						CreatedOnToolsVersion = 13.2.1;
					};
				};
			};
			buildConfigurationList = FFCC6F1727ED4172005C2958 /* Build configuration list for PBXProject "HoudiniToMobile" */;
			compatibilityVersion = "Xcode 13.0";
			developmentRegion = en;
			hasScannedForEncodings = 0;
			knownRegions = (
				en,
				Base,
			);
			mainGroup = FFCC6F1327ED4172005C2958;
			packageReferences = (
				FF6BCFDD27F9FBC700AF4758 /* XCRemoteSwiftPackageReference "GLTFSceneKit" */,
			);
			productRefGroup = FFCC6F1D27ED4172005C2958 /* Products */;
			projectDirPath = "";
			projectRoot = "";
			targets = (
				FFCC6F1B27ED4172005C2958 /* HoudiniToMobile */,
			);
		};
/* End PBXProject section */

/* Begin PBXResourcesBuildPhase section */
		FFCC6F1A27ED4172005C2958 /* Resources */ = {
			isa = PBXResourcesBuildPhase;
			buildActionMask = 2147483647;
			files = (
				FF6BCFE127F9FDD300AF4758 /* scenes in Resources */,
				FFCC6F2727ED4179005C2958 /* Preview Assets.xcassets in Resources */,
				FFCC6F2E27ED4295005C2958 /* art.scnassets in Resources */,
				FF4DDD8427FA579B0091D502 /* materials in Resources */,
				FF4DDD8227FA511F0091D502 /* hdrs in Resources */,
				FFCC6F2427ED4179005C2958 /* Assets.xcassets in Resources */,
			);
			runOnlyForDeploymentPostprocessing = 0;
		};
/* End PBXResourcesBuildPhase section */

/* Begin PBXSourcesBuildPhase section */
		FFCC6F1827ED4172005C2958 /* Sources */ = {
			isa = PBXSourcesBuildPhase;
			buildActionMask = 2147483647;
			files = (
				FFCC6F2227ED4172005C2958 /* ContentView.swift in Sources */,
				FFCC6F2027ED4172005C2958 /* HoudiniToMobileApp.swift in Sources */,
			);
			runOnlyForDeploymentPostprocessing = 0;
		};
/* End PBXSourcesBuildPhase section */

/* Begin XCBuildConfiguration section */
		FFCC6F2827ED4179005C2958 /* Debug */ = {
			isa = XCBuildConfiguration;
			buildSettings = {
				ALWAYS_SEARCH_USER_PATHS = NO;
				CLANG_ANALYZER_NONNULL = YES;
				CLANG_ANALYZER_NUMBER_OBJECT_CONVERSION = YES_AGGRESSIVE;
				CLANG_CXX_LANGUAGE_STANDARD = "gnu++17";
				CLANG_CXX_LIBRARY = "libc++";
				CLANG_ENABLE_MODULES = YES;
				CLANG_ENABLE_OBJC_ARC = YES;
				CLANG_ENABLE_OBJC_WEAK = YES;
				CLANG_WARN_BLOCK_CAPTURE_AUTORELEASING = YES;
				CLANG_WARN_BOOL_CONVERSION = YES;
				CLANG_WARN_COMMA = YES;
				CLANG_WARN_CONSTANT_CONVERSION = YES;
				CLANG_WARN_DEPRECATED_OBJC_IMPLEMENTATIONS = YES;
				CLANG_WARN_DIRECT_OBJC_ISA_USAGE = YES_ERROR;
				CLANG_WARN_DOCUMENTATION_COMMENTS = YES;
				CLANG_WARN_EMPTY_BODY = YES;
				CLANG_WARN_ENUM_CONVERSION = YES;
				CLANG_WARN_INFINITE_RECURSION = YES;
				CLANG_WARN_INT_CONVERSION = YES;
				CLANG_WARN_NON_LITERAL_NULL_CONVERSION = YES;
				CLANG_WARN_OBJC_IMPLICIT_RETAIN_SELF = YES;
				CLANG_WARN_OBJC_LITERAL_CONVERSION = YES;
				CLANG_WARN_OBJC_ROOT_CLASS = YES_ERROR;
				CLANG_WARN_QUOTED_INCLUDE_IN_FRAMEWORK_HEADER = YES;
				CLANG_WARN_RANGE_LOOP_ANALYSIS = YES;
				CLANG_WARN_STRICT_PROTOTYPES = YES;
				CLANG_WARN_SUSPICIOUS_MOVE = YES;
				CLANG_WARN_UNGUARDED_AVAILABILITY = YES_AGGRESSIVE;
				CLANG_WARN_UNREACHABLE_CODE = YES;
				CLANG_WARN__DUPLICATE_METHOD_MATCH = YES;
				COPY_PHASE_STRIP = NO;
				DEBUG_INFORMATION_FORMAT = dwarf;
				ENABLE_STRICT_OBJC_MSGSEND = YES;
				ENABLE_TESTABILITY = YES;
				GCC_C_LANGUAGE_STANDARD = gnu11;
				GCC_DYNAMIC_NO_PIC = NO;
				GCC_NO_COMMON_BLOCKS = YES;
				GCC_OPTIMIZATION_LEVEL = 0;
				GCC_PREPROCESSOR_DEFINITIONS = (
					"DEBUG=1",
					"$(inherited)",
				);
				GCC_WARN_64_TO_32_BIT_CONVERSION = YES;
				GCC_WARN_ABOUT_RETURN_TYPE = YES_ERROR;
				GCC_WARN_UNDECLARED_SELECTOR = YES;
				GCC_WARN_UNINITIALIZED_AUTOS = YES_AGGRESSIVE;
				GCC_WARN_UNUSED_FUNCTION = YES;
				GCC_WARN_UNUSED_VARIABLE = YES;
				IPHONEOS_DEPLOYMENT_TARGET = 15.2;
				MTL_ENABLE_DEBUG_INFO = INCLUDE_SOURCE;
				MTL_FAST_MATH = YES;
				ONLY_ACTIVE_ARCH = YES;
				SDKROOT = iphoneos;
				SWIFT_ACTIVE_COMPILATION_CONDITIONS = DEBUG;
				SWIFT_OPTIMIZATION_LEVEL = "-Onone";
			};
			name = Debug;
		};
		FFCC6F2927ED4179005C2958 /* Release */ = {
			isa = XCBuildConfiguration;
			buildSettings = {
				ALWAYS_SEARCH_USER_PATHS = NO;
				CLANG_ANALYZER_NONNULL = YES;
				CLANG_ANALYZER_NUMBER_OBJECT_CONVERSION = YES_AGGRESSIVE;
				CLANG_CXX_LANGUAGE_STANDARD = "gnu++17";
				CLANG_CXX_LIBRARY = "libc++";
				CLANG_ENABLE_MODULES = YES;
				CLANG_ENABLE_OBJC_ARC = YES;
				CLANG_ENABLE_OBJC_WEAK = YES;
				CLANG_WARN_BLOCK_CAPTURE_AUTORELEASING = YES;
				CLANG_WARN_BOOL_CONVERSION = YES;
				CLANG_WARN_COMMA = YES;
				CLANG_WARN_CONSTANT_CONVERSION = YES;
				CLANG_WARN_DEPRECATED_OBJC_IMPLEMENTATIONS = YES;
				CLANG_WARN_DIRECT_OBJC_ISA_USAGE = YES_ERROR;
				CLANG_WARN_DOCUMENTATION_COMMENTS = YES;
				CLANG_WARN_EMPTY_BODY = YES;
				CLANG_WARN_ENUM_CONVERSION = YES;
				CLANG_WARN_INFINITE_RECURSION = YES;
				CLANG_WARN_INT_CONVERSION = YES;
				CLANG_WARN_NON_LITERAL_NULL_CONVERSION = YES;
				CLANG_WARN_OBJC_IMPLICIT_RETAIN_SELF = YES;
				CLANG_WARN_OBJC_LITERAL_CONVERSION = YES;
				CLANG_WARN_OBJC_ROOT_CLASS = YES_ERROR;
				CLANG_WARN_QUOTED_INCLUDE_IN_FRAMEWORK_HEADER = YES;
				CLANG_WARN_RANGE_LOOP_ANALYSIS = YES;
				CLANG_WARN_STRICT_PROTOTYPES = YES;
				CLANG_WARN_SUSPICIOUS_MOVE = YES;
				CLANG_WARN_UNGUARDED_AVAILABILITY = YES_AGGRESSIVE;
				CLANG_WARN_UNREACHABLE_CODE = YES;
				CLANG_WARN__DUPLICATE_METHOD_MATCH = YES;
				COPY_PHASE_STRIP = NO;
				DEBUG_INFORMATION_FORMAT = "dwarf-with-dsym";
				ENABLE_NS_ASSERTIONS = NO;
				ENABLE_STRICT_OBJC_MSGSEND = YES;
				GCC_C_LANGUAGE_STANDARD = gnu11;
				GCC_NO_COMMON_BLOCKS = YES;
				GCC_WARN_64_TO_32_BIT_CONVERSION = YES;
				GCC_WARN_ABOUT_RETURN_TYPE = YES_ERROR;
				GCC_WARN_UNDECLARED_SELECTOR = YES;
				GCC_WARN_UNINITIALIZED_AUTOS = YES_AGGRESSIVE;
				GCC_WARN_UNUSED_FUNCTION = YES;
				GCC_WARN_UNUSED_VARIABLE = YES;
				IPHONEOS_DEPLOYMENT_TARGET = 15.2;
				MTL_ENABLE_DEBUG_INFO = NO;
				MTL_FAST_MATH = YES;
				SDKROOT = iphoneos;
				SWIFT_COMPILATION_MODE = wholemodule;
				SWIFT_OPTIMIZATION_LEVEL = "-O";
				VALIDATE_PRODUCT = YES;
			};
			name = Release;
		};
		FFCC6F2B27ED4179005C2958 /* Debug */ = {
			isa = XCBuildConfiguration;
			buildSettings = {
				ASSETCATALOG_COMPILER_APPICON_NAME = AppIcon;
				ASSETCATALOG_COMPILER_GLOBAL_ACCENT_COLOR_NAME = AccentColor;
				CODE_SIGN_STYLE = Automatic;
				CURRENT_PROJECT_VERSION = 1;
				DEVELOPMENT_ASSET_PATHS = "\"HoudiniToMobile/Preview Content\"";
				DEVELOPMENT_TEAM = M5B635R5MU;
				ENABLE_PREVIEWS = YES;
				GENERATE_INFOPLIST_FILE = YES;
				INFOPLIST_KEY_UIApplicationSceneManifest_Generation = YES;
				INFOPLIST_KEY_UIApplicationSupportsIndirectInputEvents = YES;
				INFOPLIST_KEY_UILaunchScreen_Generation = YES;
				INFOPLIST_KEY_UISupportedInterfaceOrientations_iPad = "UIInterfaceOrientationPortrait UIInterfaceOrientationPortraitUpsideDown UIInterfaceOrientationLandscapeLeft UIInterfaceOrientationLandscapeRight";
				INFOPLIST_KEY_UISupportedInterfaceOrientations_iPhone = "UIInterfaceOrientationPortrait UIInterfaceOrientationLandscapeLeft UIInterfaceOrientationLandscapeRight";
				LD_RUNPATH_SEARCH_PATHS = (
					"$(inherited)",
					"@executable_path/Frameworks",
				);
				MARKETING_VERSION = 1.0;
				PRODUCT_BUNDLE_IDENTIFIER = co.kylestewart.HoudiniToMobile;
				PRODUCT_NAME = "$(TARGET_NAME)";
				SWIFT_EMIT_LOC_STRINGS = YES;
				SWIFT_VERSION = 5.0;
				TARGETED_DEVICE_FAMILY = "1,2";
			};
			name = Debug;
		};
		FFCC6F2C27ED4179005C2958 /* Release */ = {
			isa = XCBuildConfiguration;
			buildSettings = {
				ASSETCATALOG_COMPILER_APPICON_NAME = AppIcon;
				ASSETCATALOG_COMPILER_GLOBAL_ACCENT_COLOR_NAME = AccentColor;
				CODE_SIGN_STYLE = Automatic;
				CURRENT_PROJECT_VERSION = 1;
				DEVELOPMENT_ASSET_PATHS = "\"HoudiniToMobile/Preview Content\"";
				DEVELOPMENT_TEAM = M5B635R5MU;
				ENABLE_PREVIEWS = YES;
				GENERATE_INFOPLIST_FILE = YES;
				INFOPLIST_KEY_UIApplicationSceneManifest_Generation = YES;
				INFOPLIST_KEY_UIApplicationSupportsIndirectInputEvents = YES;
				INFOPLIST_KEY_UILaunchScreen_Generation = YES;
				INFOPLIST_KEY_UISupportedInterfaceOrientations_iPad = "UIInterfaceOrientationPortrait UIInterfaceOrientationPortraitUpsideDown UIInterfaceOrientationLandscapeLeft UIInterfaceOrientationLandscapeRight";
				INFOPLIST_KEY_UISupportedInterfaceOrientations_iPhone = "UIInterfaceOrientationPortrait UIInterfaceOrientationLandscapeLeft UIInterfaceOrientationLandscapeRight";
				LD_RUNPATH_SEARCH_PATHS = (
					"$(inherited)",
					"@executable_path/Frameworks",
				);
				MARKETING_VERSION = 1.0;
				PRODUCT_BUNDLE_IDENTIFIER = co.kylestewart.HoudiniToMobile;
				PRODUCT_NAME = "$(TARGET_NAME)";
				SWIFT_EMIT_LOC_STRINGS = YES;
				SWIFT_VERSION = 5.0;
				TARGETED_DEVICE_FAMILY = "1,2";
			};
			name = Release;
		};
/* End XCBuildConfiguration section */

/* Begin XCConfigurationList section */
		FFCC6F1727ED4172005C2958 /* Build configuration list for PBXProject "HoudiniToMobile" */ = {
			isa = XCConfigurationList;
			buildConfigurations = (
				FFCC6F2827ED4179005C2958 /* Debug */,
				FFCC6F2927ED4179005C2958 /* Release */,
			);
			defaultConfigurationIsVisible = 0;
			defaultConfigurationName = Release;
		};
		FFCC6F2A27ED4179005C2958 /* Build configuration list for PBXNativeTarget "HoudiniToMobile" */ = {
			isa = XCConfigurationList;
			buildConfigurations = (
				FFCC6F2B27ED4179005C2958 /* Debug */,
				FFCC6F2C27ED4179005C2958 /* Release */,
			);
			defaultConfigurationIsVisible = 0;
			defaultConfigurationName = Release;
		};
/* End XCConfigurationList section */

/* Begin XCRemoteSwiftPackageReference section */
		FF6BCFDD27F9FBC700AF4758 /* XCRemoteSwiftPackageReference "GLTFSceneKit" */ = {
			isa = XCRemoteSwiftPackageReference;
			repositoryURL = "https://github.com/magicien/GLTFSceneKit";
			requirement = {
				kind = upToNextMajorVersion;
				minimumVersion = 0.4.0;
			};
		};
/* End XCRemoteSwiftPackageReference section */

/* Begin XCSwiftPackageProductDependency section */
		FF6BCFDE27F9FBC700AF4758 /* GLTFSceneKit */ = {
			isa = XCSwiftPackageProductDependency;
			package = FF6BCFDD27F9FBC700AF4758 /* XCRemoteSwiftPackageReference "GLTFSceneKit" */;
			productName = GLTFSceneKit;
		};
/* End XCSwiftPackageProductDependency section */
	};
	rootObject = FFCC6F1427ED4172005C2958 /* Project object */;
}
